// !$*UTF8*$!
{
	archiveVersion = 1;
	classes = {
	};
	objectVersion = 46;
	objects = {

/* Begin PBXBuildFile section */
		1FC8F60B1AF7E49900CA2AC0 /* main.m in Sources */ = {isa = PBXBuildFile; fileRef = 1FC8F60A1AF7E49900CA2AC0 /* main.m */; };
		1FC8F60E1AF7E49900CA2AC0 /* AppDelegate.m in Sources */ = {isa = PBXBuildFile; fileRef = 1FC8F60D1AF7E49900CA2AC0 /* AppDelegate.m */; };
		1FC8F6111AF7E49900CA2AC0 /* ViewController.m in Sources */ = {isa = PBXBuildFile; fileRef = 1FC8F6101AF7E49900CA2AC0 /* ViewController.m */; };
		1FC8F6141AF7E49900CA2AC0 /* Main.storyboard in Resources */ = {isa = PBXBuildFile; fileRef = 1FC8F6121AF7E49900CA2AC0 /* Main.storyboard */; };
		1FC8F6161AF7E49900CA2AC0 /* Images.xcassets in Resources */ = {isa = PBXBuildFile; fileRef = 1FC8F6151AF7E49900CA2AC0 /* Images.xcassets */; };
		1FC8F6191AF7E49900CA2AC0 /* LaunchScreen.xib in Resources */ = {isa = PBXBuildFile; fileRef = 1FC8F6171AF7E49900CA2AC0 /* LaunchScreen.xib */; };
		1FC8F6251AF7E49900CA2AC0 /* MPAndroidChart_iOSTests.m in Sources */ = {isa = PBXBuildFile; fileRef = 1FC8F6241AF7E49900CA2AC0 /* MPAndroidChart_iOSTests.m */; };
/* End PBXBuildFile section */

/* Begin PBXContainerItemProxy section */
		1FC8F61F1AF7E49900CA2AC0 /* PBXContainerItemProxy */ = {
			isa = PBXContainerItemProxy;
			containerPortal = 1FC8F5FD1AF7E49900CA2AC0 /* Project object */;
			proxyType = 1;
			remoteGlobalIDString = 1FC8F6041AF7E49900CA2AC0;
			remoteInfo = MPAndroidChart_iOS;
		};
/* End PBXContainerItemProxy section */

/* Begin PBXFileReference section */
		1FC8F6051AF7E49900CA2AC0 /* MPAndroidChart_iOS.app */ = {isa = PBXFileReference; explicitFileType = wrapper.application; includeInIndex = 0; path = MPAndroidChart_iOS.app; sourceTree = BUILT_PRODUCTS_DIR; };
		1FC8F6091AF7E49900CA2AC0 /* Info.plist */ = {isa = PBXFileReference; lastKnownFileType = text.plist.xml; path = Info.plist; sourceTree = "<group>"; };
		1FC8F60A1AF7E49900CA2AC0 /* main.m */ = {isa = PBXFileReference; lastKnownFileType = sourcecode.c.objc; path = main.m; sourceTree = "<group>"; };
		1FC8F60C1AF7E49900CA2AC0 /* AppDelegate.h */ = {isa = PBXFileReference; lastKnownFileType = sourcecode.c.h; path = AppDelegate.h; sourceTree = "<group>"; };
		1FC8F60D1AF7E49900CA2AC0 /* AppDelegate.m */ = {isa = PBXFileReference; lastKnownFileType = sourcecode.c.objc; path = AppDelegate.m; sourceTree = "<group>"; };
		1FC8F60F1AF7E49900CA2AC0 /* ViewController.h */ = {isa = PBXFileReference; lastKnownFileType = sourcecode.c.h; path = ViewController.h; sourceTree = "<group>"; };
		1FC8F6101AF7E49900CA2AC0 /* ViewController.m */ = {isa = PBXFileReference; lastKnownFileType = sourcecode.c.objc; path = ViewController.m; sourceTree = "<group>"; };
		1FC8F6131AF7E49900CA2AC0 /* Base */ = {isa = PBXFileReference; lastKnownFileType = file.storyboard; name = Base; path = Base.lproj/Main.storyboard; sourceTree = "<group>"; };
		1FC8F6151AF7E49900CA2AC0 /* Images.xcassets */ = {isa = PBXFileReference; lastKnownFileType = folder.assetcatalog; path = Images.xcassets; sourceTree = "<group>"; };
		1FC8F6181AF7E49900CA2AC0 /* Base */ = {isa = PBXFileReference; lastKnownFileType = file.xib; name = Base; path = Base.lproj/LaunchScreen.xib; sourceTree = "<group>"; };
		1FC8F61E1AF7E49900CA2AC0 /* MPAndroidChart_iOSTests.xctest */ = {isa = PBXFileReference; explicitFileType = wrapper.cfbundle; includeInIndex = 0; path = MPAndroidChart_iOSTests.xctest; sourceTree = BUILT_PRODUCTS_DIR; };
		1FC8F6231AF7E49900CA2AC0 /* Info.plist */ = {isa = PBXFileReference; lastKnownFileType = text.plist.xml; path = Info.plist; sourceTree = "<group>"; };
		1FC8F6241AF7E49900CA2AC0 /* MPAndroidChart_iOSTests.m */ = {isa = PBXFileReference; lastKnownFileType = sourcecode.c.objc; path = MPAndroidChart_iOSTests.m; sourceTree = "<group>"; };
/* End PBXFileReference section */

/* Begin PBXFrameworksBuildPhase section */
		1FC8F6021AF7E49900CA2AC0 /* Frameworks */ = {
			isa = PBXFrameworksBuildPhase;
			buildActionMask = 2147483647;
			files = (
			);
			runOnlyForDeploymentPostprocessing = 0;
		};
		1FC8F61B1AF7E49900CA2AC0 /* Frameworks */ = {
			isa = PBXFrameworksBuildPhase;
			buildActionMask = 2147483647;
			files = (
			);
			runOnlyForDeploymentPostprocessing = 0;
		};
/* End PBXFrameworksBuildPhase section */

/* Begin PBXGroup section */
		1FC8F5FC1AF7E49900CA2AC0 = {
			isa = PBXGroup;
			children = (
				1FC8F6071AF7E49900CA2AC0 /* MPAndroidChart_iOS */,
				1FC8F6211AF7E49900CA2AC0 /* MPAndroidChart_iOSTests */,
				1FC8F6061AF7E49900CA2AC0 /* Products */,
			);
			sourceTree = "<group>";
		};
		1FC8F6061AF7E49900CA2AC0 /* Products */ = {
			isa = PBXGroup;
			children = (
				1FC8F6051AF7E49900CA2AC0 /* MPAndroidChart_iOS.app */,
				1FC8F61E1AF7E49900CA2AC0 /* MPAndroidChart_iOSTests.xctest */,
			);
			name = Products;
			sourceTree = "<group>";
		};
		1FC8F6071AF7E49900CA2AC0 /* MPAndroidChart_iOS */ = {
			isa = PBXGroup;
			children = (
				1FC8F60C1AF7E49900CA2AC0 /* AppDelegate.h */,
				1FC8F60D1AF7E49900CA2AC0 /* AppDelegate.m */,
				1FC8F60F1AF7E49900CA2AC0 /* ViewController.h */,
				1FC8F6101AF7E49900CA2AC0 /* ViewController.m */,
				1FC8F6121AF7E49900CA2AC0 /* Main.storyboard */,
				1FC8F6151AF7E49900CA2AC0 /* Images.xcassets */,
				1FC8F6171AF7E49900CA2AC0 /* LaunchScreen.xib */,
				1FC8F6081AF7E49900CA2AC0 /* Supporting Files */,
			);
			path = MPAndroidChart_iOS;
			sourceTree = "<group>";
		};
		1FC8F6081AF7E49900CA2AC0 /* Supporting Files */ = {
			isa = PBXGroup;
			children = (
				1FC8F6091AF7E49900CA2AC0 /* Info.plist */,
				1FC8F60A1AF7E49900CA2AC0 /* main.m */,
			);
			name = "Supporting Files";
			sourceTree = "<group>";
		};
		1FC8F6211AF7E49900CA2AC0 /* MPAndroidChart_iOSTests */ = {
			isa = PBXGroup;
			children = (
				1FC8F6241AF7E49900CA2AC0 /* MPAndroidChart_iOSTests.m */,
				1FC8F6221AF7E49900CA2AC0 /* Supporting Files */,
			);
			path = MPAndroidChart_iOSTests;
			sourceTree = "<group>";
		};
		1FC8F6221AF7E49900CA2AC0 /* Supporting Files */ = {
			isa = PBXGroup;
			children = (
				1FC8F6231AF7E49900CA2AC0 /* Info.plist */,
			);
			name = "Supporting Files";
			sourceTree = "<group>";
		};
/* End PBXGroup section */

/* Begin PBXNativeTarget section */
		1FC8F6041AF7E49900CA2AC0 /* MPAndroidChart_iOS */ = {
			isa = PBXNativeTarget;
			buildConfigurationList = 1FC8F6281AF7E49900CA2AC0 /* Build configuration list for PBXNativeTarget "MPAndroidChart_iOS" */;
			buildPhases = (
				1FC8F6011AF7E49900CA2AC0 /* Sources */,
				1FC8F6021AF7E49900CA2AC0 /* Frameworks */,
				1FC8F6031AF7E49900CA2AC0 /* Resources */,
			);
			buildRules = (
			);
			dependencies = (
			);
			name = MPAndroidChart_iOS;
			productName = MPAndroidChart_iOS;
			productReference = 1FC8F6051AF7E49900CA2AC0 /* MPAndroidChart_iOS.app */;
			productType = "com.apple.product-type.application";
		};
		1FC8F61D1AF7E49900CA2AC0 /* MPAndroidChart_iOSTests */ = {
			isa = PBXNativeTarget;
			buildConfigurationList = 1FC8F62B1AF7E49900CA2AC0 /* Build configuration list for PBXNativeTarget "MPAndroidChart_iOSTests" */;
			buildPhases = (
				1FC8F61A1AF7E49900CA2AC0 /* Sources */,
				1FC8F61B1AF7E49900CA2AC0 /* Frameworks */,
				1FC8F61C1AF7E49900CA2AC0 /* Resources */,
			);
			buildRules = (
			);
			dependencies = (
				1FC8F6201AF7E49900CA2AC0 /* PBXTargetDependency */,
			);
			name = MPAndroidChart_iOSTests;
			productName = MPAndroidChart_iOSTests;
			productReference = 1FC8F61E1AF7E49900CA2AC0 /* MPAndroidChart_iOSTests.xctest */;
			productType = "com.apple.product-type.bundle.unit-test";
		};
/* End PBXNativeTarget section */

/* Begin PBXProject section */
		1FC8F5FD1AF7E49900CA2AC0 /* Project object */ = {
			isa = PBXProject;
			attributes = {
				LastUpgradeCheck = 0610;
				ORGANIZATIONNAME = "su xinde";
				TargetAttributes = {
					1FC8F6041AF7E49900CA2AC0 = {
						CreatedOnToolsVersion = 6.1;
					};
					1FC8F61D1AF7E49900CA2AC0 = {
						CreatedOnToolsVersion = 6.1;
						TestTargetID = 1FC8F6041AF7E49900CA2AC0;
					};
				};
			};
			buildConfigurationList = 1FC8F6001AF7E49900CA2AC0 /* Build configuration list for PBXProject "MPAndroidChart_iOS" */;
			compatibilityVersion = "Xcode 3.2";
			developmentRegion = English;
			hasScannedForEncodings = 0;
			knownRegions = (
				en,
				Base,
			);
			mainGroup = 1FC8F5FC1AF7E49900CA2AC0;
			productRefGroup = 1FC8F6061AF7E49900CA2AC0 /* Products */;
			projectDirPath = "";
			projectRoot = "";
			targets = (
				1FC8F6041AF7E49900CA2AC0 /* MPAndroidChart_iOS */,
				1FC8F61D1AF7E49900CA2AC0 /* MPAndroidChart_iOSTests */,
			);
		};
/* End PBXProject section */

/* Begin PBXResourcesBuildPhase section */
		1FC8F6031AF7E49900CA2AC0 /* Resources */ = {
			isa = PBXResourcesBuildPhase;
			buildActionMask = 2147483647;
			files = (
				1FC8F6141AF7E49900CA2AC0 /* Main.storyboard in Resources */,
				1FC8F6191AF7E49900CA2AC0 /* LaunchScreen.xib in Resources */,
				1FC8F6161AF7E49900CA2AC0 /* Images.xcassets in Resources */,
			);
			runOnlyForDeploymentPostprocessing = 0;
		};
		1FC8F61C1AF7E49900CA2AC0 /* Resources */ = {
			isa = PBXResourcesBuildPhase;
			buildActionMask = 2147483647;
			files = (
			);
			runOnlyForDeploymentPostprocessing = 0;
		};
/* End PBXResourcesBuildPhase section */

/* Begin PBXSourcesBuildPhase section */
		1FC8F6011AF7E49900CA2AC0 /* Sources */ = {
			isa = PBXSourcesBuildPhase;
			buildActionMask = 2147483647;
			files = (
				1FC8F6111AF7E49900CA2AC0 /* ViewController.m in Sources */,
				1FC8F60E1AF7E49900CA2AC0 /* AppDelegate.m in Sources */,
				1FC8F60B1AF7E49900CA2AC0 /* main.m in Sources */,
			);
			runOnlyForDeploymentPostprocessing = 0;
		};
		1FC8F61A1AF7E49900CA2AC0 /* Sources */ = {
			isa = PBXSourcesBuildPhase;
			buildActionMask = 2147483647;
			files = (
				1FC8F6251AF7E49900CA2AC0 /* MPAndroidChart_iOSTests.m in Sources */,
			);
			runOnlyForDeploymentPostprocessing = 0;
		};
/* End PBXSourcesBuildPhase section */

/* Begin PBXTargetDependency section */
		1FC8F6201AF7E49900CA2AC0 /* PBXTargetDependency */ = {
			isa = PBXTargetDependency;
			target = 1FC8F6041AF7E49900CA2AC0 /* MPAndroidChart_iOS */;
			targetProxy = 1FC8F61F1AF7E49900CA2AC0 /* PBXContainerItemProxy */;
		};
/* End PBXTargetDependency section */

/* Begin PBXVariantGroup section */
		1FC8F6121AF7E49900CA2AC0 /* Main.storyboard */ = {
			isa = PBXVariantGroup;
			children = (
				1FC8F6131AF7E49900CA2AC0 /* Base */,
			);
			name = Main.storyboard;
			sourceTree = "<group>";
		};
		1FC8F6171AF7E49900CA2AC0 /* LaunchScreen.xib */ = {
			isa = PBXVariantGroup;
			children = (
				1FC8F6181AF7E49900CA2AC0 /* Base */,
			);
			name = LaunchScreen.xib;
			sourceTree = "<group>";
		};
/* End PBXVariantGroup section */

/* Begin XCBuildConfiguration section */
		1FC8F6261AF7E49900CA2AC0 /* Debug */ = {
			isa = XCBuildConfiguration;
			buildSettings = {
				ALWAYS_SEARCH_USER_PATHS = NO;
				CLANG_CXX_LANGUAGE_STANDARD = "gnu++0x";
				CLANG_CXX_LIBRARY = "libc++";
				CLANG_ENABLE_MODULES = YES;
				CLANG_ENABLE_OBJC_ARC = YES;
				CLANG_WARN_BOOL_CONVERSION = YES;
				CLANG_WARN_CONSTANT_CONVERSION = YES;
				CLANG_WARN_DIRECT_OBJC_ISA_USAGE = YES_ERROR;
				CLANG_WARN_EMPTY_BODY = YES;
				CLANG_WARN_ENUM_CONVERSION = YES;
				CLANG_WARN_INT_CONVERSION = YES;
				CLANG_WARN_OBJC_ROOT_CLASS = YES_ERROR;
				CLANG_WARN_UNREACHABLE_CODE = YES;
				CLANG_WARN__DUPLICATE_METHOD_MATCH = YES;
				"CODE_SIGN_IDENTITY[sdk=iphoneos*]" = "iPhone Developer";
				COPY_PHASE_STRIP = NO;
				ENABLE_STRICT_OBJC_MSGSEND = YES;
				GCC_C_LANGUAGE_STANDARD = gnu99;
				GCC_DYNAMIC_NO_PIC = NO;
				GCC_OPTIMIZATION_LEVEL = 0;
				GCC_PREPROCESSOR_DEFINITIONS = (
					"DEBUG=1",
					"$(inherited)",
				);
				GCC_SYMBOLS_PRIVATE_EXTERN = NO;
				GCC_WARN_64_TO_32_BIT_CONVERSION = YES;
				GCC_WARN_ABOUT_RETURN_TYPE = YES_ERROR;
				GCC_WARN_UNDECLARED_SELECTOR = YES;
				GCC_WARN_UNINITIALIZED_AUTOS = YES_AGGRESSIVE;
				GCC_WARN_UNUSED_FUNCTION = YES;
				GCC_WARN_UNUSED_VARIABLE = YES;
				IPHONEOS_DEPLOYMENT_TARGET = 8.1;
				MTL_ENABLE_DEBUG_INFO = YES;
				ONLY_ACTIVE_ARCH = YES;
				SDKROOT = iphoneos;
				TARGETED_DEVICE_FAMILY = "1,2";
			};
			name = Debug;
		};
		1FC8F6271AF7E49900CA2AC0 /* Release */ = {
			isa = XCBuildConfiguration;
			buildSettings = {
				ALWAYS_SEARCH_USER_PATHS = NO;
				CLANG_CXX_LANGUAGE_STANDARD = "gnu++0x";
				CLANG_CXX_LIBRARY = "libc++";
				CLANG_ENABLE_MODULES = YES;
				CLANG_ENABLE_OBJC_ARC = YES;
				CLANG_WARN_BOOL_CONVERSION = YES;
				CLANG_WARN_CONSTANT_CONVERSION = YES;
				CLANG_WARN_DIRECT_OBJC_ISA_USAGE = YES_ERROR;
				CLANG_WARN_EMPTY_BODY = YES;
				CLANG_WARN_ENUM_CONVERSION = YES;
				CLANG_WARN_INT_CONVERSION = YES;
				CLANG_WARN_OBJC_ROOT_CLASS = YES_ERROR;
				CLANG_WARN_UNREACHABLE_CODE = YES;
				CLANG_WARN__DUPLICATE_METHOD_MATCH = YES;
				"CODE_SIGN_IDENTITY[sdk=iphoneos*]" = "iPhone Developer";
				COPY_PHASE_STRIP = YES;
				ENABLE_NS_ASSERTIONS = NO;
				ENABLE_STRICT_OBJC_MSGSEND = YES;
				GCC_C_LANGUAGE_STANDARD = gnu99;
				GCC_WARN_64_TO_32_BIT_CONVERSION = YES;
				GCC_WARN_ABOUT_RETURN_TYPE = YES_ERROR;
				GCC_WARN_UNDECLARED_SELECTOR = YES;
				GCC_WARN_UNINITIALIZED_AUTOS = YES_AGGRESSIVE;
				GCC_WARN_UNUSED_FUNCTION = YES;
				GCC_WARN_UNUSED_VARIABLE = YES;
				IPHONEOS_DEPLOYMENT_TARGET = 8.1;
				MTL_ENABLE_DEBUG_INFO = NO;
				SDKROOT = iphoneos;
				TARGETED_DEVICE_FAMILY = "1,2";
				VALIDATE_PRODUCT = YES;
			};
			name = Release;
		};
		1FC8F6291AF7E49900CA2AC0 /* Debug */ = {
			isa = XCBuildConfiguration;
			buildSettings = {
				ASSETCATALOG_COMPILER_APPICON_NAME = AppIcon;
				INFOPLIST_FILE = MPAndroidChart_iOS/Info.plist;
				LD_RUNPATH_SEARCH_PATHS = "$(inherited) @executable_path/Frameworks";
				PRODUCT_NAME = "$(TARGET_NAME)";
			};
			name = Debug;
		};
		1FC8F62A1AF7E49900CA2AC0 /* Release */ = {
			isa = XCBuildConfiguration;
			buildSettings = {
				ASSETCATALOG_COMPILER_APPICON_NAME = AppIcon;
				INFOPLIST_FILE = MPAndroidChart_iOS/Info.plist;
				LD_RUNPATH_SEARCH_PATHS = "$(inherited) @executable_path/Frameworks";
				PRODUCT_NAME = "$(TARGET_NAME)";
			};
			name = Release;
		};
		1FC8F62C1AF7E49900CA2AC0 /* Debug */ = {
			isa = XCBuildConfiguration;
			buildSettings = {
				BUNDLE_LOADER = "$(TEST_HOST)";
				FRAMEWORK_SEARCH_PATHS = (
					"$(SDKROOT)/Developer/Library/Frameworks",
					"$(inherited)",
				);
				GCC_PREPROCESSOR_DEFINITIONS = (
					"DEBUG=1",
					"$(inherited)",
				);
				INFOPLIST_FILE = MPAndroidChart_iOSTests/Info.plist;
				LD_RUNPATH_SEARCH_PATHS = "$(inherited) @executable_path/Frameworks @loader_path/Frameworks";
				PRODUCT_NAME = "$(TARGET_NAME)";
				TEST_HOST = "$(BUILT_PRODUCTS_DIR)/MPAndroidChart_iOS.app/MPAndroidChart_iOS";
			};
			name = Debug;
		};
		1FC8F62D1AF7E49900CA2AC0 /* Release */ = {
			isa = XCBuildConfiguration;
			buildSettings = {
				BUNDLE_LOADER = "$(TEST_HOST)";
				FRAMEWORK_SEARCH_PATHS = (
					"$(SDKROOT)/Developer/Library/Frameworks",
					"$(inherited)",
				);
				INFOPLIST_FILE = MPAndroidChart_iOSTests/Info.plist;
				LD_RUNPATH_SEARCH_PATHS = "$(inherited) @executable_path/Frameworks @loader_path/Frameworks";
				PRODUCT_NAME = "$(TARGET_NAME)";
				TEST_HOST = "$(BUILT_PRODUCTS_DIR)/MPAndroidChart_iOS.app/MPAndroidChart_iOS";
			};
			name = Release;
		};
/* End XCBuildConfiguration section */

/* Begin XCConfigurationList section */
		1FC8F6001AF7E49900CA2AC0 /* Build configuration list for PBXProject "MPAndroidChart_iOS" */ = {
			isa = XCConfigurationList;
			buildConfigurations = (
				1FC8F6261AF7E49900CA2AC0 /* Debug */,
				1FC8F6271AF7E49900CA2AC0 /* Release */,
			);
			defaultConfigurationIsVisible = 0;
			defaultConfigurationName = Release;
		};
		1FC8F6281AF7E49900CA2AC0 /* Build configuration list for PBXNativeTarget "MPAndroidChart_iOS" */ = {
			isa = XCConfigurationList;
			buildConfigurations = (
				1FC8F6291AF7E49900CA2AC0 /* Debug */,
				1FC8F62A1AF7E49900CA2AC0 /* Release */,
			);
			defaultConfigurationIsVisible = 0;
		};
		1FC8F62B1AF7E49900CA2AC0 /* Build configuration list for PBXNativeTarget "MPAndroidChart_iOSTests" */ = {
			isa = XCConfigurationList;
			buildConfigurations = (
				1FC8F62C1AF7E49900CA2AC0 /* Debug */,
				1FC8F62D1AF7E49900CA2AC0 /* Release */,
			);
			defaultConfigurationIsVisible = 0;
		};
/* End XCConfigurationList section */
	};
	rootObject = 1FC8F5FD1AF7E49900CA2AC0 /* Project object */;
}
